
Microsoft Visual Studio Solution File, Format Version 12.00
# Visual Studio 14
VisualStudioVersion = 14.0.25420.1
MinimumVisualStudioVersion = 10.0.40219.1
Project("{8BC9CEB8-8B4A-11D0-8D11-00A0C91BC942}") = "Nyotest0", "Nyotest0\Nyotest0.vcxproj", "{F0AD8456-9FBD-4D04-AB24-A16CB5023E86}"
EndProject
Project("{8BC9CEB8-8B4A-11D0-8D11-00A0C91BC942}") = "Nyotepad", "Nyotepad\Nyotepad.vcxproj", "{1879CAC9-BE80-4684-AC92-D5E9747B8B5A}"
EndProject
Global
	GlobalSection(SolutionConfigurationPlatforms) = preSolution
		Debug|x64 = Debug|x64
		Debug|x86 = Debug|x86
		Release|x64 = Release|x64
		Release|x86 = Release|x86
	EndGlobalSection
	GlobalSection(ProjectConfigurationPlatforms) = postSolution
		{F0AD8456-9FBD-4D04-AB24-A16CB5023E86}.Debug|x64.ActiveCfg = Release|Win32
		{F0AD8456-9FBD-4D04-AB24-A16CB5023E86}.Debug|x86.ActiveCfg = Debug|Win32
		{F0AD8456-9FBD-4D04-AB24-A16CB5023E86}.Release|x64.ActiveCfg = Release|x64
		{F0AD8456-9FBD-4D04-AB24-A16CB5023E86}.Release|x86.ActiveCfg = Release|Win32
		{1879CAC9-BE80-4684-AC92-D5E9747B8B5A}.Debug|x64.ActiveCfg = Release|Win32
		{1879CAC9-BE80-4684-AC92-D5E9747B8B5A}.Debug|x64.Build.0 = Release|Win32
		{1879CAC9-BE80-4684-AC92-D5E9747B8B5A}.Debug|x86.ActiveCfg = Debug|Win32
		{1879CAC9-BE80-4684-AC92-D5E9747B8B5A}.Debug|x86.Build.0 = Debug|Win32
		{1879CAC9-BE80-4684-AC92-D5E9747B8B5A}.Release|x64.ActiveCfg = Release|x64
		{1879CAC9-BE80-4684-AC92-D5E9747B8B5A}.Release|x64.Build.0 = Release|x64
		{1879CAC9-BE80-4684-AC92-D5E9747B8B5A}.Release|x86.ActiveCfg = Release|Win32
		{1879CAC9-BE80-4684-AC92-D5E9747B8B5A}.Release|x86.Build.0 = Release|Win32
	EndGlobalSection
	GlobalSection(SolutionProperties) = preSolution
		HideSolutionNode = FALSE
	EndGlobalSection
EndGlobal
